// !$*UTF8*$!
{
	archiveVersion = 1;
	classes = {
	};
	objectVersion = 46;
	objects = {

/* Begin PBXBuildFile section */
		EC77CA6915F2FB2F00FE1180 /* Foundation.framework in Frameworks */ = {isa = PBXBuildFile; fileRef = EC77CA6815F2FB2F00FE1180 /* Foundation.framework */; };
		EC77CA6C15F2FB2F00FE1180 /* main.m in Sources */ = {isa = PBXBuildFile; fileRef = EC77CA6B15F2FB2F00FE1180 /* main.m */; };
		EC77CA7015F2FB3000FE1180 /* Kata_2_Bowling.1 in CopyFiles */ = {isa = PBXBuildFile; fileRef = EC77CA6F15F2FB3000FE1180 /* Kata_2_Bowling.1 */; };
		EC77CA7E15F3B03000FE1180 /* SenTestingKit.framework in Frameworks */ = {isa = PBXBuildFile; fileRef = EC77CA7D15F3B03000FE1180 /* SenTestingKit.framework */; };
		EC77CA8015F3B03000FE1180 /* Cocoa.framework in Frameworks */ = {isa = PBXBuildFile; fileRef = EC77CA7F15F3B03000FE1180 /* Cocoa.framework */; };
		EC77CA8A15F3B03000FE1180 /* InfoPlist.strings in Resources */ = {isa = PBXBuildFile; fileRef = EC77CA8815F3B03000FE1180 /* InfoPlist.strings */; };
		EC77CA9415F3B05A00FE1180 /* BDBowlingGameScoreTests.m in Sources */ = {isa = PBXBuildFile; fileRef = EC77CA9315F3B05A00FE1180 /* BDBowlingGameScoreTests.m */; };
		EC77CA9715F3B0E600FE1180 /* BDBowlingGame.m in Sources */ = {isa = PBXBuildFile; fileRef = EC77CA9615F3B0E600FE1180 /* BDBowlingGame.m */; };
		EC77CA9815F3B0E600FE1180 /* BDBowlingGame.m in Sources */ = {isa = PBXBuildFile; fileRef = EC77CA9615F3B0E600FE1180 /* BDBowlingGame.m */; };
/* End PBXBuildFile section */

/* Begin PBXCopyFilesBuildPhase section */
		EC77CA6215F2FB2F00FE1180 /* CopyFiles */ = {
			isa = PBXCopyFilesBuildPhase;
			buildActionMask = 2147483647;
			dstPath = /usr/share/man/man1/;
			dstSubfolderSpec = 0;
			files = (
				EC77CA7015F2FB3000FE1180 /* Kata_2_Bowling.1 in CopyFiles */,
			);
			runOnlyForDeploymentPostprocessing = 1;
		};
/* End PBXCopyFilesBuildPhase section */

/* Begin PBXFileReference section */
		EC77CA6415F2FB2F00FE1180 /* Kata 2 Bowling */ = {isa = PBXFileReference; explicitFileType = "compiled.mach-o.executable"; includeInIndex = 0; path = "Kata 2 Bowling"; sourceTree = BUILT_PRODUCTS_DIR; };
		EC77CA6815F2FB2F00FE1180 /* Foundation.framework */ = {isa = PBXFileReference; lastKnownFileType = wrapper.framework; name = Foundation.framework; path = System/Library/Frameworks/Foundation.framework; sourceTree = SDKROOT; };
		EC77CA6B15F2FB2F00FE1180 /* main.m */ = {isa = PBXFileReference; lastKnownFileType = sourcecode.c.objc; path = main.m; sourceTree = "<group>"; };
		EC77CA6E15F2FB3000FE1180 /* Kata 2 Bowling-Prefix.pch */ = {isa = PBXFileReference; lastKnownFileType = sourcecode.c.h; path = "Kata 2 Bowling-Prefix.pch"; sourceTree = "<group>"; };
		EC77CA6F15F2FB3000FE1180 /* Kata_2_Bowling.1 */ = {isa = PBXFileReference; lastKnownFileType = text.man; path = Kata_2_Bowling.1; sourceTree = "<group>"; };
		EC77CA7615F2FCDF00FE1180 /* README.md */ = {isa = PBXFileReference; lastKnownFileType = text; path = README.md; sourceTree = "<group>"; };
		EC77CA7C15F3B03000FE1180 /* Bowling Game Score.octest */ = {isa = PBXFileReference; explicitFileType = wrapper.cfbundle; includeInIndex = 0; path = "Bowling Game Score.octest"; sourceTree = BUILT_PRODUCTS_DIR; };
		EC77CA7D15F3B03000FE1180 /* SenTestingKit.framework */ = {isa = PBXFileReference; lastKnownFileType = wrapper.framework; name = SenTestingKit.framework; path = Library/Frameworks/SenTestingKit.framework; sourceTree = DEVELOPER_DIR; };
		EC77CA7F15F3B03000FE1180 /* Cocoa.framework */ = {isa = PBXFileReference; lastKnownFileType = wrapper.framework; name = Cocoa.framework; path = Library/Frameworks/Cocoa.framework; sourceTree = DEVELOPER_DIR; };
		EC77CA8215F3B03000FE1180 /* AppKit.framework */ = {isa = PBXFileReference; lastKnownFileType = wrapper.framework; name = AppKit.framework; path = Library/Frameworks/AppKit.framework; sourceTree = SDKROOT; };
		EC77CA8315F3B03000FE1180 /* CoreData.framework */ = {isa = PBXFileReference; lastKnownFileType = wrapper.framework; name = CoreData.framework; path = Library/Frameworks/CoreData.framework; sourceTree = SDKROOT; };
		EC77CA8415F3B03000FE1180 /* Foundation.framework */ = {isa = PBXFileReference; lastKnownFileType = wrapper.framework; name = Foundation.framework; path = Library/Frameworks/Foundation.framework; sourceTree = SDKROOT; };
		EC77CA8715F3B03000FE1180 /* Bowling Game Score-Info.plist */ = {isa = PBXFileReference; lastKnownFileType = text.plist.xml; path = "Bowling Game Score-Info.plist"; sourceTree = "<group>"; };
		EC77CA8915F3B03000FE1180 /* en */ = {isa = PBXFileReference; lastKnownFileType = text.plist.strings; name = en; path = en.lproj/InfoPlist.strings; sourceTree = "<group>"; };
		EC77CA8E15F3B03000FE1180 /* Bowling Game Score-Prefix.pch */ = {isa = PBXFileReference; lastKnownFileType = sourcecode.c.h; path = "Bowling Game Score-Prefix.pch"; sourceTree = "<group>"; };
		EC77CA9215F3B05A00FE1180 /* BDBowlingGameScoreTests.h */ = {isa = PBXFileReference; fileEncoding = 4; lastKnownFileType = sourcecode.c.h; path = BDBowlingGameScoreTests.h; sourceTree = "<group>"; };
		EC77CA9315F3B05A00FE1180 /* BDBowlingGameScoreTests.m */ = {isa = PBXFileReference; fileEncoding = 4; lastKnownFileType = sourcecode.c.objc; path = BDBowlingGameScoreTests.m; sourceTree = "<group>"; };
		EC77CA9515F3B0E600FE1180 /* BDBowlingGame.h */ = {isa = PBXFileReference; fileEncoding = 4; lastKnownFileType = sourcecode.c.h; name = BDBowlingGame.h; path = Classes/BDBowlingGame.h; sourceTree = "<group>"; };
		EC77CA9615F3B0E600FE1180 /* BDBowlingGame.m */ = {isa = PBXFileReference; fileEncoding = 4; lastKnownFileType = sourcecode.c.objc; name = BDBowlingGame.m; path = Classes/BDBowlingGame.m; sourceTree = "<group>"; };
/* End PBXFileReference section */

/* Begin PBXFrameworksBuildPhase section */
		EC77CA6115F2FB2F00FE1180 /* Frameworks */ = {
			isa = PBXFrameworksBuildPhase;
			buildActionMask = 2147483647;
			files = (
				EC77CA6915F2FB2F00FE1180 /* Foundation.framework in Frameworks */,
			);
			runOnlyForDeploymentPostprocessing = 0;
		};
		EC77CA7815F3B03000FE1180 /* Frameworks */ = {
			isa = PBXFrameworksBuildPhase;
			buildActionMask = 2147483647;
			files = (
				EC77CA7E15F3B03000FE1180 /* SenTestingKit.framework in Frameworks */,
				EC77CA8015F3B03000FE1180 /* Cocoa.framework in Frameworks */,
			);
			runOnlyForDeploymentPostprocessing = 0;
		};
/* End PBXFrameworksBuildPhase section */

/* Begin PBXGroup section */
		EC77CA5915F2FB2F00FE1180 = {
			isa = PBXGroup;
			children = (
				EC77CA7615F2FCDF00FE1180 /* README.md */,
				EC77CA6A15F2FB2F00FE1180 /* Kata 2 Bowling */,
				EC77CA8515F3B03000FE1180 /* Bowling Game Score */,
				EC77CA6715F2FB2F00FE1180 /* Frameworks */,
				EC77CA6515F2FB2F00FE1180 /* Products */,
			);
			sourceTree = "<group>";
		};
		EC77CA6515F2FB2F00FE1180 /* Products */ = {
			isa = PBXGroup;
			children = (
				EC77CA6415F2FB2F00FE1180 /* Kata 2 Bowling */,
				EC77CA7C15F3B03000FE1180 /* Bowling Game Score.octest */,
			);
			name = Products;
			sourceTree = "<group>";
		};
		EC77CA6715F2FB2F00FE1180 /* Frameworks */ = {
			isa = PBXGroup;
			children = (
				EC77CA6815F2FB2F00FE1180 /* Foundation.framework */,
				EC77CA7D15F3B03000FE1180 /* SenTestingKit.framework */,
				EC77CA7F15F3B03000FE1180 /* Cocoa.framework */,
				EC77CA8115F3B03000FE1180 /* Other Frameworks */,
			);
			name = Frameworks;
			sourceTree = "<group>";
		};
		EC77CA6A15F2FB2F00FE1180 /* Kata 2 Bowling */ = {
			isa = PBXGroup;
			children = (
				EC77CA6B15F2FB2F00FE1180 /* main.m */,
				EC77CA6F15F2FB3000FE1180 /* Kata_2_Bowling.1 */,
				EC77CA6D15F2FB3000FE1180 /* Supporting Files */,
				EC77CA9515F3B0E600FE1180 /* BDBowlingGame.h */,
				EC77CA9615F3B0E600FE1180 /* BDBowlingGame.m */,
			);
			path = "Kata 2 Bowling";
			sourceTree = "<group>";
		};
		EC77CA6D15F2FB3000FE1180 /* Supporting Files */ = {
			isa = PBXGroup;
			children = (
				EC77CA6E15F2FB3000FE1180 /* Kata 2 Bowling-Prefix.pch */,
			);
			name = "Supporting Files";
			sourceTree = "<group>";
		};
		EC77CA8115F3B03000FE1180 /* Other Frameworks */ = {
			isa = PBXGroup;
			children = (
				EC77CA8215F3B03000FE1180 /* AppKit.framework */,
				EC77CA8315F3B03000FE1180 /* CoreData.framework */,
				EC77CA8415F3B03000FE1180 /* Foundation.framework */,
			);
			name = "Other Frameworks";
			sourceTree = "<group>";
		};
		EC77CA8515F3B03000FE1180 /* Bowling Game Score */ = {
			isa = PBXGroup;
			children = (
				EC77CA8615F3B03000FE1180 /* Supporting Files */,
				EC77CA9215F3B05A00FE1180 /* BDBowlingGameScoreTests.h */,
				EC77CA9315F3B05A00FE1180 /* BDBowlingGameScoreTests.m */,
			);
			path = "Bowling Game Score";
			sourceTree = "<group>";
		};
		EC77CA8615F3B03000FE1180 /* Supporting Files */ = {
			isa = PBXGroup;
			children = (
				EC77CA8715F3B03000FE1180 /* Bowling Game Score-Info.plist */,
				EC77CA8815F3B03000FE1180 /* InfoPlist.strings */,
				EC77CA8E15F3B03000FE1180 /* Bowling Game Score-Prefix.pch */,
			);
			name = "Supporting Files";
			sourceTree = "<group>";
		};
/* End PBXGroup section */

/* Begin PBXNativeTarget section */
		EC77CA6315F2FB2F00FE1180 /* Kata 2 Bowling */ = {
			isa = PBXNativeTarget;
			buildConfigurationList = EC77CA7315F2FB3000FE1180 /* Build configuration list for PBXNativeTarget "Kata 2 Bowling" */;
			buildPhases = (
				EC77CA6015F2FB2F00FE1180 /* Sources */,
				EC77CA6115F2FB2F00FE1180 /* Frameworks */,
				EC77CA6215F2FB2F00FE1180 /* CopyFiles */,
			);
			buildRules = (
			);
			dependencies = (
			);
			name = "Kata 2 Bowling";
			productName = "Kata 2 Bowling";
			productReference = EC77CA6415F2FB2F00FE1180 /* Kata 2 Bowling */;
			productType = "com.apple.product-type.tool";
		};
		EC77CA7B15F3B03000FE1180 /* Bowling Game Score */ = {
			isa = PBXNativeTarget;
			buildConfigurationList = EC77CA8F15F3B03000FE1180 /* Build configuration list for PBXNativeTarget "Bowling Game Score" */;
			buildPhases = (
				EC77CA7715F3B03000FE1180 /* Sources */,
				EC77CA7815F3B03000FE1180 /* Frameworks */,
				EC77CA7915F3B03000FE1180 /* Resources */,
				EC77CA7A15F3B03000FE1180 /* ShellScript */,
			);
			buildRules = (
			);
			dependencies = (
			);
			name = "Bowling Game Score";
			productName = "Bowling Game Score";
			productReference = EC77CA7C15F3B03000FE1180 /* Bowling Game Score.octest */;
			productType = "com.apple.product-type.bundle";
		};
/* End PBXNativeTarget section */

/* Begin PBXProject section */
		EC77CA5B15F2FB2F00FE1180 /* Project object */ = {
			isa = PBXProject;
			attributes = {
				LastUpgradeCheck = 0440;
				ORGANIZATIONNAME = "Tim Taylor";
			};
			buildConfigurationList = EC77CA5E15F2FB2F00FE1180 /* Build configuration list for PBXProject "Kata 2 Bowling" */;
			compatibilityVersion = "Xcode 3.2";
			developmentRegion = English;
			hasScannedForEncodings = 0;
			knownRegions = (
				en,
			);
			mainGroup = EC77CA5915F2FB2F00FE1180;
			productRefGroup = EC77CA6515F2FB2F00FE1180 /* Products */;
			projectDirPath = "";
			projectRoot = "";
			targets = (
				EC77CA6315F2FB2F00FE1180 /* Kata 2 Bowling */,
				EC77CA7B15F3B03000FE1180 /* Bowling Game Score */,
			);
		};
/* End PBXProject section */

/* Begin PBXResourcesBuildPhase section */
		EC77CA7915F3B03000FE1180 /* Resources */ = {
			isa = PBXResourcesBuildPhase;
			buildActionMask = 2147483647;
			files = (
				EC77CA8A15F3B03000FE1180 /* InfoPlist.strings in Resources */,
			);
			runOnlyForDeploymentPostprocessing = 0;
		};
/* End PBXResourcesBuildPhase section */

/* Begin PBXShellScriptBuildPhase section */
		EC77CA7A15F3B03000FE1180 /* ShellScript */ = {
			isa = PBXShellScriptBuildPhase;
			buildActionMask = 2147483647;
			files = (
			);
			inputPaths = (
			);
			outputPaths = (
			);
			runOnlyForDeploymentPostprocessing = 0;
			shellPath = /bin/sh;
			shellScript = "# Run the unit tests in this test bundle.\n\"${SYSTEM_DEVELOPER_DIR}/Tools/RunUnitTests\"\n";
		};
/* End PBXShellScriptBuildPhase section */

/* Begin PBXSourcesBuildPhase section */
		EC77CA6015F2FB2F00FE1180 /* Sources */ = {
			isa = PBXSourcesBuildPhase;
			buildActionMask = 2147483647;
			files = (
				EC77CA6C15F2FB2F00FE1180 /* main.m in Sources */,
				EC77CA9715F3B0E600FE1180 /* BDBowlingGame.m in Sources */,
			);
			runOnlyForDeploymentPostprocessing = 0;
		};
		EC77CA7715F3B03000FE1180 /* Sources */ = {
			isa = PBXSourcesBuildPhase;
			buildActionMask = 2147483647;
			files = (
				EC77CA9415F3B05A00FE1180 /* BDBowlingGameScoreTests.m in Sources */,
				EC77CA9815F3B0E600FE1180 /* BDBowlingGame.m in Sources */,
			);
			runOnlyForDeploymentPostprocessing = 0;
		};
/* End PBXSourcesBuildPhase section */

/* Begin PBXVariantGroup section */
		EC77CA8815F3B03000FE1180 /* InfoPlist.strings */ = {
			isa = PBXVariantGroup;
			children = (
				EC77CA8915F3B03000FE1180 /* en */,
			);
			name = InfoPlist.strings;
			sourceTree = "<group>";
		};
/* End PBXVariantGroup section */

/* Begin XCBuildConfiguration section */
		EC77CA7115F2FB3000FE1180 /* Debug */ = {
			isa = XCBuildConfiguration;
			buildSettings = {
				ALWAYS_SEARCH_USER_PATHS = NO;
				ARCHS = "$(ARCHS_STANDARD_64_BIT)";
				CLANG_CXX_LANGUAGE_STANDARD = "gnu++0x";
				CLANG_ENABLE_OBJC_ARC = YES;
				CLANG_WARN__DUPLICATE_METHOD_MATCH = YES;
				COPY_PHASE_STRIP = NO;
				GCC_C_LANGUAGE_STANDARD = gnu99;
				GCC_DYNAMIC_NO_PIC = NO;
				GCC_ENABLE_OBJC_EXCEPTIONS = YES;
				GCC_OPTIMIZATION_LEVEL = 0;
				GCC_PREPROCESSOR_DEFINITIONS = (
					"DEBUG=1",
					"$(inherited)",
				);
				GCC_SYMBOLS_PRIVATE_EXTERN = NO;
				GCC_WARN_64_TO_32_BIT_CONVERSION = YES;
				GCC_WARN_ABOUT_RETURN_TYPE = YES;
				GCC_WARN_UNINITIALIZED_AUTOS = YES;
				GCC_WARN_UNUSED_VARIABLE = YES;
				MACOSX_DEPLOYMENT_TARGET = 10.7;
				ONLY_ACTIVE_ARCH = YES;
				SDKROOT = macosx;
			};
			name = Debug;
		};
		EC77CA7215F2FB3000FE1180 /* Release */ = {
			isa = XCBuildConfiguration;
			buildSettings = {
				ALWAYS_SEARCH_USER_PATHS = NO;
				ARCHS = "$(ARCHS_STANDARD_64_BIT)";
				CLANG_CXX_LANGUAGE_STANDARD = "gnu++0x";
				CLANG_ENABLE_OBJC_ARC = YES;
				CLANG_WARN__DUPLICATE_METHOD_MATCH = YES;
				COPY_PHASE_STRIP = YES;
				DEBUG_INFORMATION_FORMAT = "dwarf-with-dsym";
				GCC_C_LANGUAGE_STANDARD = gnu99;
				GCC_ENABLE_OBJC_EXCEPTIONS = YES;
				GCC_WARN_64_TO_32_BIT_CONVERSION = YES;
				GCC_WARN_ABOUT_RETURN_TYPE = YES;
				GCC_WARN_UNINITIALIZED_AUTOS = YES;
				GCC_WARN_UNUSED_VARIABLE = YES;
				MACOSX_DEPLOYMENT_TARGET = 10.7;
				SDKROOT = macosx;
			};
			name = Release;
		};
		EC77CA7415F2FB3000FE1180 /* Debug */ = {
			isa = XCBuildConfiguration;
			buildSettings = {
				GCC_PRECOMPILE_PREFIX_HEADER = YES;
				GCC_PREFIX_HEADER = "Kata 2 Bowling/Kata 2 Bowling-Prefix.pch";
				PRODUCT_NAME = "$(TARGET_NAME)";
			};
			name = Debug;
		};
		EC77CA7515F2FB3000FE1180 /* Release */ = {
			isa = XCBuildConfiguration;
			buildSettings = {
				GCC_PRECOMPILE_PREFIX_HEADER = YES;
				GCC_PREFIX_HEADER = "Kata 2 Bowling/Kata 2 Bowling-Prefix.pch";
				PRODUCT_NAME = "$(TARGET_NAME)";
			};
			name = Release;
		};
		EC77CA9015F3B03000FE1180 /* Debug */ = {
			isa = XCBuildConfiguration;
			buildSettings = {
				COMBINE_HIDPI_IMAGES = YES;
				FRAMEWORK_SEARCH_PATHS = "\"$(DEVELOPER_LIBRARY_DIR)/Frameworks\"";
				GCC_PRECOMPILE_PREFIX_HEADER = YES;
				GCC_PREFIX_HEADER = "Bowling Game Score/Bowling Game Score-Prefix.pch";
				INFOPLIST_FILE = "Bowling Game Score/Bowling Game Score-Info.plist";
				PRODUCT_NAME = "$(TARGET_NAME)";
				WRAPPER_EXTENSION = octest;
			};
			name = Debug;
		};
		EC77CA9115F3B03000FE1180 /* Release */ = {
			isa = XCBuildConfiguration;
			buildSettings = {
				COMBINE_HIDPI_IMAGES = YES;
				FRAMEWORK_SEARCH_PATHS = "\"$(DEVELOPER_LIBRARY_DIR)/Frameworks\"";
				GCC_PRECOMPILE_PREFIX_HEADER = YES;
				GCC_PREFIX_HEADER = "Bowling Game Score/Bowling Game Score-Prefix.pch";
				INFOPLIST_FILE = "Bowling Game Score/Bowling Game Score-Info.plist";
				PRODUCT_NAME = "$(TARGET_NAME)";
				WRAPPER_EXTENSION = octest;
			};
			name = Release;
		};
/* End XCBuildConfiguration section */

/* Begin XCConfigurationList section */
		EC77CA5E15F2FB2F00FE1180 /* Build configuration list for PBXProject "Kata 2 Bowling" */ = {
			isa = XCConfigurationList;
			buildConfigurations = (
				EC77CA7115F2FB3000FE1180 /* Debug */,
				EC77CA7215F2FB3000FE1180 /* Release */,
			);
			defaultConfigurationIsVisible = 0;
			defaultConfigurationName = Release;
		};
		EC77CA7315F2FB3000FE1180 /* Build configuration list for PBXNativeTarget "Kata 2 Bowling" */ = {
			isa = XCConfigurationList;
			buildConfigurations = (
				EC77CA7415F2FB3000FE1180 /* Debug */,
				EC77CA7515F2FB3000FE1180 /* Release */,
			);
			defaultConfigurationIsVisible = 0;
		};
		EC77CA8F15F3B03000FE1180 /* Build configuration list for PBXNativeTarget "Bowling Game Score" */ = {
			isa = XCConfigurationList;
			buildConfigurations = (
				EC77CA9015F3B03000FE1180 /* Debug */,
				EC77CA9115F3B03000FE1180 /* Release */,
			);
			defaultConfigurationIsVisible = 0;
		};
/* End XCConfigurationList section */
	};
	rootObject = EC77CA5B15F2FB2F00FE1180 /* Project object */;
}
